// !$*UTF8*$!
{
	archiveVersion = 1;
	classes = {
	};
	objectVersion = 56;
	objects = {

/* Begin PBXBuildFile section */
		434831579F14E55A1DF7A0D1 /* A2Account.m in Sources */ = {isa = PBXBuildFile; fileRef = 88C69537AF21F68A7B1456D3 /* A2Account.m */; };
		0B32EEA9A11A39AA5D315041 /* A2AccountManager.m in Sources */ = {isa = PBXBuildFile; fileRef = FBBBB4EFA2B5334A45EA3C4E /* A2AccountManager.m */; };
		3352C680504CA3F9AB6CFD26 /* A2MicrosoftAuth.m in Sources */ = {isa = PBXBuildFile; fileRef = BA94035A25A574575C224EC9 /* A2MicrosoftAuth.m */; };
		B70F2470805980B206B1EAF8 /* A2Wardrobe.m in Sources */ = {isa = PBXBuildFile; fileRef = 1FCEEB9DA67A103C2B6DBA4A /* A2Wardrobe.m */; };
		514C73BF78432EFA524E3D87 /* A2ContentSource.m in Sources */ = {isa = PBXBuildFile; fileRef = 1701CD5F8C697E4FB0EA95CC /* A2ContentSource.m */; };
		0D17D81407F6A22D20B89620 /* A2CurseForgeAPI.m in Sources */ = {isa = PBXBuildFile; fileRef = B9FA6C49037A18A6B1E59FD5 /* A2CurseForgeAPI.m */; };
		178E4C042E711E4F72FAAAED /* A2MirrorResolver.m in Sources */ = {isa = PBXBuildFile; fileRef = C4D9FC19281C2C7616C83363 /* A2MirrorResolver.m */; };
		A83EEEB1694635A4E2D8A05C /* A2ModLoaderAPI.m in Sources */ = {isa = PBXBuildFile; fileRef = A3D19D895874DEE2D8098956 /* A2ModLoaderAPI.m */; };
		06B9E837FB19EE06FB5B8001 /* A2ModLoaderInstaller.m in Sources */ = {isa = PBXBuildFile; fileRef = 452CB103E2800DE9E594C441 /* A2ModLoaderInstaller.m */; };
		B93BF19B9A5817F070177A3E /* A2ModPack.m in Sources */ = {isa = PBXBuildFile; fileRef = 818837C4F3F9187CAE2C7B85 /* A2ModPack.m */; };
		FAE87882A16451C5E2E43DDE /* A2ModrinthAPI.m in Sources */ = {isa = PBXBuildFile; fileRef = B861A80294DEA73B8E0D6BF6 /* A2ModrinthAPI.m */; };
		006F90647E36FA45B54D7B39 /* A2ZipReader.m in Sources */ = {isa = PBXBuildFile; fileRef = C7F15DE318744485CEE00538 /* A2ZipReader.m */; };
		9F125686BA18A3A79AC3C941 /* A2DownloadEngine.m in Sources */ = {isa = PBXBuildFile; fileRef = 1AB69D44FBBC5CC51E15C202 /* A2DownloadEngine.m */; };
		04806F8C420A200707485301 /* A2DownloadFavorites.m in Sources */ = {isa = PBXBuildFile; fileRef = 3F6494DF9E525C24C5D69098 /* A2DownloadFavorites.m */; };
		E6679E2C4F527A9777EA6CEC /* A2DownloadManifest.m in Sources */ = {isa = PBXBuildFile; fileRef = 2FC0B48C28C39D5C14E494FD /* A2DownloadManifest.m */; };
		9B094A240FBA6A3C1821F88C /* A2DownloadTask.m in Sources */ = {isa = PBXBuildFile; fileRef = AE757274F8E1E206F093F68A /* A2DownloadTask.m */; };
		7EA9A208AAFD076980572984 /* A2DownloadTaskCenter.m in Sources */ = {isa = PBXBuildFile; fileRef = 49E73CAF4B5DFDDC5E9F20AF /* A2DownloadTaskCenter.m */; };
		186C2F9B8B2FA203E76FC125 /* A2GameDirMigration.m in Sources */ = {isa = PBXBuildFile; fileRef = F03B93794DA818FF2F14D7D0 /* A2GameDirMigration.m */; };
		B084543A044A1B44B18F5627 /* A2GameFiles.m in Sources */ = {isa = PBXBuildFile; fileRef = D0693B31AD2EAB6A0328732E /* A2GameFiles.m */; };
		6DA086F467887A64948307E1 /* A2VersionIsolation.m in Sources */ = {isa = PBXBuildFile; fileRef = 074A2046BA4799F9CF95C731 /* A2VersionIsolation.m */; };
		8B0D65271C85EAABC46B0226 /* A2Renderer.m in Sources */ = {isa = PBXBuildFile; fileRef = 47106E1A43667C70F671BED2 /* A2Renderer.m */; };
		E25E5360A9384CB39937D6BB /* A2Settings.m in Sources */ = {isa = PBXBuildFile; fileRef = 035FB3CC4FE4018F44632AD5 /* A2Settings.m */; };
		15FCDF02D9A83B5081869F80 /* A2GameInstaller.m in Sources */ = {isa = PBXBuildFile; fileRef = 044D1BEC3AFD9353427BC038 /* A2GameInstaller.m */; };
		42E2F81428F01FB2F3F912BC /* A2RemoteVersions.m in Sources */ = {isa = PBXBuildFile; fileRef = C2B743CEBD2B34A26F40E947 /* A2RemoteVersions.m */; };
		7B9AB26480F0093CF5FC40A9 /* A2VersionManager.m in Sources */ = {isa = PBXBuildFile; fileRef = 643B820206971C227F265607 /* A2VersionManager.m */; };
		C754280DF19913731620CE6A /* A2Log.m in Sources */ = {isa = PBXBuildFile; fileRef = CE8E02818B37C0AFFABF71D5 /* A2Log.m */; };
		6B1CD1AC96CD93B7EE0847A4 /* A2MurmurHash2.m in Sources */ = {isa = PBXBuildFile; fileRef = 70E537F57063CE783BE3A38B /* A2MurmurHash2.m */; };
		0797E9BAF06A3FD13CEC7CF3 /* Air2App.swift in Sources */ = {isa = PBXBuildFile; fileRef = 866888607904FFF2E9088624 /* Air2App.swift */; };
		ADCE81DB2F9947D6711B493A /* AppDelegate.swift in Sources */ = {isa = PBXBuildFile; fileRef = AE1D2D582DA5FBDD97ADF25F /* AppDelegate.swift */; };
		C42BE18EF6DDD24DD117008A /* CrashGuard.swift in Sources */ = {isa = PBXBuildFile; fileRef = 5D43249CE6B5D35C05D4F8D2 /* CrashGuard.swift */; };
		495B261DAB12308ECFEE69D3 /* DependencyContainer.swift in Sources */ = {isa = PBXBuildFile; fileRef = 1496FDE7274B2506043B8E81 /* DependencyContainer.swift */; };
		FC8632ECD6ECD09C22FDF804 /* NavigationHost.swift in Sources */ = {isa = PBXBuildFile; fileRef = 06020AB75851C54566217C42 /* NavigationHost.swift */; };
		D6FDD46AD2BA466162D57A35 /* RootView.swift in Sources */ = {isa = PBXBuildFile; fileRef = 5509BE150C249690F0BCA69D /* RootView.swift */; };
		E6541D6F88F1F630A2290F93 /* BackgroundView.swift in Sources */ = {isa = PBXBuildFile; fileRef = 6EBC8D09DEEB659F491EB4A1 /* BackgroundView.swift */; };
		8F949E3C78195E0FEE2DEC65 /* CardPosition.swift in Sources */ = {isa = PBXBuildFile; fileRef = F1DFE4ED3F5D8BE82C61D1DD /* CardPosition.swift */; };
		BDB0E9EF97FD9D851561EB6E /* CardTitleBar.swift in Sources */ = {isa = PBXBuildFile; fileRef = 8E37EF43436B51CE347FF4C6 /* CardTitleBar.swift */; };
		DFE10F17D93F705C51710774 /* CategoryNavView.swift in Sources */ = {isa = PBXBuildFile; fileRef = 151BB2451733447AE1D3E7DC /* CategoryNavView.swift */; };
		C0B34F0A31B30056332CA4E1 /* ColorWheel.swift in Sources */ = {isa = PBXBuildFile; fileRef = 3543AD0EB4510FEC910918F2 /* ColorWheel.swift */; };
		AF4BB301B58FF4B0D5332EB9 /* ComponentTheme.swift in Sources */ = {isa = PBXBuildFile; fileRef = A2D706E376AEA02F7408E4FE /* ComponentTheme.swift */; };
		B70AB4E245B9C8D2BA22ABA9 /* FilterChip.swift in Sources */ = {isa = PBXBuildFile; fileRef = AA74C9D2AC3E9C138FD5AE00 /* FilterChip.swift */; };
		4187D79AEDC093AFA7E15D47 /* GlassCard.swift in Sources */ = {isa = PBXBuildFile; fileRef = 6F519B0E4BA40CA6985F53B4 /* GlassCard.swift */; };
		088EB690BEEC9A0534D153BB /* LoaderCard.swift in Sources */ = {isa = PBXBuildFile; fileRef = 95BCD2E3AAB5B9522869C0F7 /* LoaderCard.swift */; };
		2489096B21E028A9F57B56BC /* PrimaryButton.swift in Sources */ = {isa = PBXBuildFile; fileRef = 08603751C866996714D8F815 /* PrimaryButton.swift */; };
		D768CE88BD1495370694AFE5 /* ProgressBar.swift in Sources */ = {isa = PBXBuildFile; fileRef = 4591EB238C919AFC8D29816E /* ProgressBar.swift */; };
		5B9F750BB3C1A2865FF3BF39 /* ProgressView.swift in Sources */ = {isa = PBXBuildFile; fileRef = E4026B89A482ADAB99780AFE /* ProgressView.swift */; };
		5FB6FB8327673B936606E9BC /* QuickActionCard.swift in Sources */ = {isa = PBXBuildFile; fileRef = FF4EC06FF58C75BA63447107 /* QuickActionCard.swift */; };
		8DF035366CCC7F3DF8782E05 /* RemoteImageView.swift in Sources */ = {isa = PBXBuildFile; fileRef = 908841A847930D548D7CF59B /* RemoteImageView.swift */; };
		6C3200AE26ECCD3B82AD5175 /* RingProgress.swift in Sources */ = {isa = PBXBuildFile; fileRef = 27E32F7BD6A8C28CC0B880E4 /* RingProgress.swift */; };
		5C28BC7F1175BB25AFCE725F /* SegmentedControl.swift in Sources */ = {isa = PBXBuildFile; fileRef = AF9B3377B7F8E5E748EAD3A1 /* SegmentedControl.swift */; };
		154CFD61992676FBD0857DA5 /* SettingsRow.swift in Sources */ = {isa = PBXBuildFile; fileRef = FB28253924087AB3560E83F3 /* SettingsRow.swift */; };
		CBB2E846005AD0B81ABEC2EB /* SettingsSection.swift in Sources */ = {isa = PBXBuildFile; fileRef = 8970C96C9143C9E838C37E29 /* SettingsSection.swift */; };
		09051D7D11F78B2E51B0DC38 /* SkinHeadView.swift in Sources */ = {isa = PBXBuildFile; fileRef = 6A30BACDC7F40B806BA6D280 /* SkinHeadView.swift */; };
		AB1D0CF8E5FC2D33F9F25697 /* TaskDrawer.swift in Sources */ = {isa = PBXBuildFile; fileRef = 8AFDD56DB69EE6A295817838 /* TaskDrawer.swift */; };
		6E2D4B4FF4BD06CB8503D33E /* TaskProgressView.swift in Sources */ = {isa = PBXBuildFile; fileRef = F2761A68623D061867808616 /* TaskProgressView.swift */; };
		5ACE11D5E58F70DBEEA52743 /* TextField.swift in Sources */ = {isa = PBXBuildFile; fileRef = 791723B2B9F67D3A7B0F3684 /* TextField.swift */; };
		010B9AD38121B795890A8207 /* Toast.swift in Sources */ = {isa = PBXBuildFile; fileRef = 1F74E5FD1768E4425CA17E31 /* Toast.swift */; };
		62454E60FB4AD4C81FB78023 /* VersionCard.swift in Sources */ = {isa = PBXBuildFile; fileRef = 5F6CDD748EBF9C8E450016F1 /* VersionCard.swift */; };
		AF7D4666D3086CBD271BB753 /* GameTouchControls.swift in Sources */ = {isa = PBXBuildFile; fileRef = C1B94229A8599578C502E967 /* GameTouchControls.swift */; };
		C9C91FD0C0881D51A63318B5 /* AccountRowView.swift in Sources */ = {isa = PBXBuildFile; fileRef = 427352712B948899DAF9DF64 /* AccountRowView.swift */; };
		82E3EF63878E8C64BF9CF013 /* AccountView.swift in Sources */ = {isa = PBXBuildFile; fileRef = 13C0551B98157CBC0D7B8E42 /* AccountView.swift */; };
		58108F974FCADFBAF4A4244D /* LoginView.swift in Sources */ = {isa = PBXBuildFile; fileRef = E28729947A59259EA3B38FD7 /* LoginView.swift */; };
		C68EB25A2335C929D789326F /* ThreeZoneScaffold.swift in Sources */ = {isa = PBXBuildFile; fileRef = E17FECC0F0A5197EAB3E4D62 /* ThreeZoneScaffold.swift */; };
		71645F19BAA4FFD19662CDD8 /* CurseForgePrompt.swift in Sources */ = {isa = PBXBuildFile; fileRef = 0B5D5E2C57A7F0832AB0669D /* CurseForgePrompt.swift */; };
		1B93967CB179E251BEA500B5 /* DownloadHomeView.swift in Sources */ = {isa = PBXBuildFile; fileRef = 33A92B8DF414B98811BEC58A /* DownloadHomeView.swift */; };
		9E2BBAECE50EA093138CB23E /* DownloadListView.swift in Sources */ = {isa = PBXBuildFile; fileRef = 46155350E77A187ED64DC865 /* DownloadListView.swift */; };
		28F60732DEE4C9FC3CFCBE8B /* DownloadRootView.swift in Sources */ = {isa = PBXBuildFile; fileRef = 5F8F74A5931888A8D8B38C99 /* DownloadRootView.swift */; };
		41EF6736AF00DF4023732690 /* DownloadTasksView.swift in Sources */ = {isa = PBXBuildFile; fileRef = BB08228E940BB7DF81D4A2CA /* DownloadTasksView.swift */; };
		750DA30EE2C3D01EC1633496 /* FavoritesView.swift in Sources */ = {isa = PBXBuildFile; fileRef = 8C7DAFBE00504784A391FAC5 /* FavoritesView.swift */; };
		9372CF494943065CDCE42C70 /* GameVersionListView.swift in Sources */ = {isa = PBXBuildFile; fileRef = 142F75AF240B0F4567955210 /* GameVersionListView.swift */; };
		A2910F51B195BEA570E82CDE /* InstallOptionsView.swift in Sources */ = {isa = PBXBuildFile; fileRef = 3B42298A70AED3BDFC9858D0 /* InstallOptionsView.swift */; };
		80A3ACECFE4B431D09E0A04B /* InstallingView.swift in Sources */ = {isa = PBXBuildFile; fileRef = 0684C4511E9D562953D8E085 /* InstallingView.swift */; };
		4C4454F0DCD6B4AF6E7DCA48 /* ProjectDetailView.swift in Sources */ = {isa = PBXBuildFile; fileRef = F6034418098680E6B804192C /* ProjectDetailView.swift */; };
		2118C3639B6E5C3C288BA26E /* SearchByIdView.swift in Sources */ = {isa = PBXBuildFile; fileRef = 471947B597A7C3706D1B3147 /* SearchByIdView.swift */; };
		4E9A923FCD5CD054D1F85BBA /* FilesView.swift in Sources */ = {isa = PBXBuildFile; fileRef = AD9D06AD0A1A9A75FC08E38C /* FilesView.swift */; };
		4E70B43B1B5241D853787EF0 /* LauncherView.swift in Sources */ = {isa = PBXBuildFile; fileRef = 841F365A63004CCBA2E8FAA5 /* LauncherView.swift */; };
		461E4834309BF93D0CBA8C37 /* AppearanceSettings.swift in Sources */ = {isa = PBXBuildFile; fileRef = 8884A79B9BB2AC64A8068A50 /* AppearanceSettings.swift */; };
		B2A4863F0474F36A77A131C7 /* BackgroundSettingsView.swift in Sources */ = {isa = PBXBuildFile; fileRef = 9C7F069549D9CE10B12D37EA /* BackgroundSettingsView.swift */; };
		7DDC585DC2BFA644F01A3947 /* ColorThemeDialog.swift in Sources */ = {isa = PBXBuildFile; fileRef = 0A472B08AB50CB2E6A223E78 /* ColorThemeDialog.swift */; };
		E53F3987E26B670BEF756EFB /* CurseForgeKeyPageView.swift in Sources */ = {isa = PBXBuildFile; fileRef = 94919259B477F74388334209 /* CurseForgeKeyPageView.swift */; };
		63319449FA99C63D2955C83A /* DiagnosticsSettings.swift in Sources */ = {isa = PBXBuildFile; fileRef = F26D7FA732DE3C0293776356 /* DiagnosticsSettings.swift */; };
		36DC48801B096EC2DF6CE1DE /* GameSettings.swift in Sources */ = {isa = PBXBuildFile; fileRef = 2C3D24EA039271760BB193BD /* GameSettings.swift */; };
		BC3FCF535F4B17F329A6DEBC /* SettingsView.swift in Sources */ = {isa = PBXBuildFile; fileRef = FD3589ADD6F100206C6E1FD0 /* SettingsView.swift */; };
		9BE4E7731082AFBAAC8F057F /* VersionListView.swift in Sources */ = {isa = PBXBuildFile; fileRef = 545E3C4C11172A3D834470D0 /* VersionListView.swift */; };
		2FBE069A35992A9B662AA3C2 /* VersionRowView.swift in Sources */ = {isa = PBXBuildFile; fileRef = 59952E37C6610DBBA53B287A /* VersionRowView.swift */; };
		80146D2685C31E41A8250D7E /* VersionSettingsView.swift in Sources */ = {isa = PBXBuildFile; fileRef = 4121D10098DB9E436AEA95C0 /* VersionSettingsView.swift */; };
		0144398499FED586B60F82BA /* BuiltinThemes.swift in Sources */ = {isa = PBXBuildFile; fileRef = 10463A7E991777159816B179 /* BuiltinThemes.swift */; };
		CBC040CE6914B3B0CCC4C58C /* ColorScheme.swift in Sources */ = {isa = PBXBuildFile; fileRef = 76BC41FA2AEC69EC04291655 /* ColorScheme.swift */; };
		A64D3EB63BD920828CC06B1C /* Metrics.swift in Sources */ = {isa = PBXBuildFile; fileRef = BCDDBA7499A298FE3F5E96D3 /* Metrics.swift */; };
		A88299974DAE7DB07F2F2675 /* Motion.swift in Sources */ = {isa = PBXBuildFile; fileRef = ECC7F1926A38DBD6D97240FA /* Motion.swift */; };
		39064D7E7367F44A64E8E344 /* ThemeManager.swift in Sources */ = {isa = PBXBuildFile; fileRef = BBEB6DDEDF200B7C069E1B64 /* ThemeManager.swift */; };
		8974EA83FE128E3C96F0A880 /* Typography.swift in Sources */ = {isa = PBXBuildFile; fileRef = 855228AB0CE977F1BE9661CF /* Typography.swift */; };
/* End PBXBuildFile section */

/* Begin PBXFileReference section */
		082E22CB657D9948DD22CF5F /* Air2.app */ = {isa = PBXFileReference; explicitFileType = wrapper.application; includeInIndex = 0; path = Air2.app; sourceTree = BUILT_PRODUCTS_DIR; };
		18FD4D9FAB9B1E1C27AFB511 /* Info.plist */ = {isa = PBXFileReference; lastKnownFileType = text.plist.xml; path = Info.plist; sourceTree = "<group>"; };
		88C69537AF21F68A7B1456D3 /* A2Account.m */ = {isa = PBXFileReference; lastKnownFileType = sourcecode.c.objc; path = "A2Account.m"; sourceTree = "<group>"; };
		FBBBB4EFA2B5334A45EA3C4E /* A2AccountManager.m */ = {isa = PBXFileReference; lastKnownFileType = sourcecode.c.objc; path = "A2AccountManager.m"; sourceTree = "<group>"; };
		BA94035A25A574575C224EC9 /* A2MicrosoftAuth.m */ = {isa = PBXFileReference; lastKnownFileType = sourcecode.c.objc; path = "A2MicrosoftAuth.m"; sourceTree = "<group>"; };
		1FCEEB9DA67A103C2B6DBA4A /* A2Wardrobe.m */ = {isa = PBXFileReference; lastKnownFileType = sourcecode.c.objc; path = "A2Wardrobe.m"; sourceTree = "<group>"; };
		1701CD5F8C697E4FB0EA95CC /* A2ContentSource.m */ = {isa = PBXFileReference; lastKnownFileType = sourcecode.c.objc; path = "A2ContentSource.m"; sourceTree = "<group>"; };
		B9FA6C49037A18A6B1E59FD5 /* A2CurseForgeAPI.m */ = {isa = PBXFileReference; lastKnownFileType = sourcecode.c.objc; path = "A2CurseForgeAPI.m"; sourceTree = "<group>"; };
		C4D9FC19281C2C7616C83363 /* A2MirrorResolver.m */ = {isa = PBXFileReference; lastKnownFileType = sourcecode.c.objc; path = "A2MirrorResolver.m"; sourceTree = "<group>"; };
		A3D19D895874DEE2D8098956 /* A2ModLoaderAPI.m */ = {isa = PBXFileReference; lastKnownFileType = sourcecode.c.objc; path = "A2ModLoaderAPI.m"; sourceTree = "<group>"; };
		452CB103E2800DE9E594C441 /* A2ModLoaderInstaller.m */ = {isa = PBXFileReference; lastKnownFileType = sourcecode.c.objc; path = "A2ModLoaderInstaller.m"; sourceTree = "<group>"; };
		818837C4F3F9187CAE2C7B85 /* A2ModPack.m */ = {isa = PBXFileReference; lastKnownFileType = sourcecode.c.objc; path = "A2ModPack.m"; sourceTree = "<group>"; };
		B861A80294DEA73B8E0D6BF6 /* A2ModrinthAPI.m */ = {isa = PBXFileReference; lastKnownFileType = sourcecode.c.objc; path = "A2ModrinthAPI.m"; sourceTree = "<group>"; };
		C7F15DE318744485CEE00538 /* A2ZipReader.m */ = {isa = PBXFileReference; lastKnownFileType = sourcecode.c.objc; path = "A2ZipReader.m"; sourceTree = "<group>"; };
		1AB69D44FBBC5CC51E15C202 /* A2DownloadEngine.m */ = {isa = PBXFileReference; lastKnownFileType = sourcecode.c.objc; path = "A2DownloadEngine.m"; sourceTree = "<group>"; };
		3F6494DF9E525C24C5D69098 /* A2DownloadFavorites.m */ = {isa = PBXFileReference; lastKnownFileType = sourcecode.c.objc; path = "A2DownloadFavorites.m"; sourceTree = "<group>"; };
		2FC0B48C28C39D5C14E494FD /* A2DownloadManifest.m */ = {isa = PBXFileReference; lastKnownFileType = sourcecode.c.objc; path = "A2DownloadManifest.m"; sourceTree = "<group>"; };
		AE757274F8E1E206F093F68A /* A2DownloadTask.m */ = {isa = PBXFileReference; lastKnownFileType = sourcecode.c.objc; path = "A2DownloadTask.m"; sourceTree = "<group>"; };
		49E73CAF4B5DFDDC5E9F20AF /* A2DownloadTaskCenter.m */ = {isa = PBXFileReference; lastKnownFileType = sourcecode.c.objc; path = "A2DownloadTaskCenter.m"; sourceTree = "<group>"; };
		F03B93794DA818FF2F14D7D0 /* A2GameDirMigration.m */ = {isa = PBXFileReference; lastKnownFileType = sourcecode.c.objc; path = "A2GameDirMigration.m"; sourceTree = "<group>"; };
		D0693B31AD2EAB6A0328732E /* A2GameFiles.m */ = {isa = PBXFileReference; lastKnownFileType = sourcecode.c.objc; path = "A2GameFiles.m"; sourceTree = "<group>"; };
		074A2046BA4799F9CF95C731 /* A2VersionIsolation.m */ = {isa = PBXFileReference; lastKnownFileType = sourcecode.c.objc; path = "A2VersionIsolation.m"; sourceTree = "<group>"; };
		47106E1A43667C70F671BED2 /* A2Renderer.m */ = {isa = PBXFileReference; lastKnownFileType = sourcecode.c.objc; path = "A2Renderer.m"; sourceTree = "<group>"; };
		035FB3CC4FE4018F44632AD5 /* A2Settings.m */ = {isa = PBXFileReference; lastKnownFileType = sourcecode.c.objc; path = "A2Settings.m"; sourceTree = "<group>"; };
		044D1BEC3AFD9353427BC038 /* A2GameInstaller.m */ = {isa = PBXFileReference; lastKnownFileType = sourcecode.c.objc; path = "A2GameInstaller.m"; sourceTree = "<group>"; };
		C2B743CEBD2B34A26F40E947 /* A2RemoteVersions.m */ = {isa = PBXFileReference; lastKnownFileType = sourcecode.c.objc; path = "A2RemoteVersions.m"; sourceTree = "<group>"; };
		643B820206971C227F265607 /* A2VersionManager.m */ = {isa = PBXFileReference; lastKnownFileType = sourcecode.c.objc; path = "A2VersionManager.m"; sourceTree = "<group>"; };
		CE8E02818B37C0AFFABF71D5 /* A2Log.m */ = {isa = PBXFileReference; lastKnownFileType = sourcecode.c.objc; path = "A2Log.m"; sourceTree = "<group>"; };
		70E537F57063CE783BE3A38B /* A2MurmurHash2.m */ = {isa = PBXFileReference; lastKnownFileType = sourcecode.c.objc; path = "A2MurmurHash2.m"; sourceTree = "<group>"; };
		866888607904FFF2E9088624 /* Air2App.swift */ = {isa = PBXFileReference; lastKnownFileType = sourcecode.swift; path = "Air2App.swift"; sourceTree = "<group>"; };
		AE1D2D582DA5FBDD97ADF25F /* AppDelegate.swift */ = {isa = PBXFileReference; lastKnownFileType = sourcecode.swift; path = "AppDelegate.swift"; sourceTree = "<group>"; };
		5D43249CE6B5D35C05D4F8D2 /* CrashGuard.swift */ = {isa = PBXFileReference; lastKnownFileType = sourcecode.swift; path = "CrashGuard.swift"; sourceTree = "<group>"; };
		1496FDE7274B2506043B8E81 /* DependencyContainer.swift */ = {isa = PBXFileReference; lastKnownFileType = sourcecode.swift; path = "DependencyContainer.swift"; sourceTree = "<group>"; };
		06020AB75851C54566217C42 /* NavigationHost.swift */ = {isa = PBXFileReference; lastKnownFileType = sourcecode.swift; path = "NavigationHost.swift"; sourceTree = "<group>"; };
		5509BE150C249690F0BCA69D /* RootView.swift */ = {isa = PBXFileReference; lastKnownFileType = sourcecode.swift; path = "RootView.swift"; sourceTree = "<group>"; };
		6EBC8D09DEEB659F491EB4A1 /* BackgroundView.swift */ = {isa = PBXFileReference; lastKnownFileType = sourcecode.swift; path = "BackgroundView.swift"; sourceTree = "<group>"; };
		F1DFE4ED3F5D8BE82C61D1DD /* CardPosition.swift */ = {isa = PBXFileReference; lastKnownFileType = sourcecode.swift; path = "CardPosition.swift"; sourceTree = "<group>"; };
		8E37EF43436B51CE347FF4C6 /* CardTitleBar.swift */ = {isa = PBXFileReference; lastKnownFileType = sourcecode.swift; path = "CardTitleBar.swift"; sourceTree = "<group>"; };
		151BB2451733447AE1D3E7DC /* CategoryNavView.swift */ = {isa = PBXFileReference; lastKnownFileType = sourcecode.swift; path = "CategoryNavView.swift"; sourceTree = "<group>"; };
		3543AD0EB4510FEC910918F2 /* ColorWheel.swift */ = {isa = PBXFileReference; lastKnownFileType = sourcecode.swift; path = "ColorWheel.swift"; sourceTree = "<group>"; };
		A2D706E376AEA02F7408E4FE /* ComponentTheme.swift */ = {isa = PBXFileReference; lastKnownFileType = sourcecode.swift; path = "ComponentTheme.swift"; sourceTree = "<group>"; };
		AA74C9D2AC3E9C138FD5AE00 /* FilterChip.swift */ = {isa = PBXFileReference; lastKnownFileType = sourcecode.swift; path = "FilterChip.swift"; sourceTree = "<group>"; };
		6F519B0E4BA40CA6985F53B4 /* GlassCard.swift */ = {isa = PBXFileReference; lastKnownFileType = sourcecode.swift; path = "GlassCard.swift"; sourceTree = "<group>"; };
		95BCD2E3AAB5B9522869C0F7 /* LoaderCard.swift */ = {isa = PBXFileReference; lastKnownFileType = sourcecode.swift; path = "LoaderCard.swift"; sourceTree = "<group>"; };
		08603751C866996714D8F815 /* PrimaryButton.swift */ = {isa = PBXFileReference; lastKnownFileType = sourcecode.swift; path = "PrimaryButton.swift"; sourceTree = "<group>"; };
		4591EB238C919AFC8D29816E /* ProgressBar.swift */ = {isa = PBXFileReference; lastKnownFileType = sourcecode.swift; path = "ProgressBar.swift"; sourceTree = "<group>"; };
		E4026B89A482ADAB99780AFE /* ProgressView.swift */ = {isa = PBXFileReference; lastKnownFileType = sourcecode.swift; path = "ProgressView.swift"; sourceTree = "<group>"; };
		FF4EC06FF58C75BA63447107 /* QuickActionCard.swift */ = {isa = PBXFileReference; lastKnownFileType = sourcecode.swift; path = "QuickActionCard.swift"; sourceTree = "<group>"; };
		908841A847930D548D7CF59B /* RemoteImageView.swift */ = {isa = PBXFileReference; lastKnownFileType = sourcecode.swift; path = "RemoteImageView.swift"; sourceTree = "<group>"; };
		27E32F7BD6A8C28CC0B880E4 /* RingProgress.swift */ = {isa = PBXFileReference; lastKnownFileType = sourcecode.swift; path = "RingProgress.swift"; sourceTree = "<group>"; };
		AF9B3377B7F8E5E748EAD3A1 /* SegmentedControl.swift */ = {isa = PBXFileReference; lastKnownFileType = sourcecode.swift; path = "SegmentedControl.swift"; sourceTree = "<group>"; };
		FB28253924087AB3560E83F3 /* SettingsRow.swift */ = {isa = PBXFileReference; lastKnownFileType = sourcecode.swift; path = "SettingsRow.swift"; sourceTree = "<group>"; };
		8970C96C9143C9E838C37E29 /* SettingsSection.swift */ = {isa = PBXFileReference; lastKnownFileType = sourcecode.swift; path = "SettingsSection.swift"; sourceTree = "<group>"; };
		6A30BACDC7F40B806BA6D280 /* SkinHeadView.swift */ = {isa = PBXFileReference; lastKnownFileType = sourcecode.swift; path = "SkinHeadView.swift"; sourceTree = "<group>"; };
		8AFDD56DB69EE6A295817838 /* TaskDrawer.swift */ = {isa = PBXFileReference; lastKnownFileType = sourcecode.swift; path = "TaskDrawer.swift"; sourceTree = "<group>"; };
		F2761A68623D061867808616 /* TaskProgressView.swift */ = {isa = PBXFileReference; lastKnownFileType = sourcecode.swift; path = "TaskProgressView.swift"; sourceTree = "<group>"; };
		791723B2B9F67D3A7B0F3684 /* TextField.swift */ = {isa = PBXFileReference; lastKnownFileType = sourcecode.swift; path = "TextField.swift"; sourceTree = "<group>"; };
		1F74E5FD1768E4425CA17E31 /* Toast.swift */ = {isa = PBXFileReference; lastKnownFileType = sourcecode.swift; path = "Toast.swift"; sourceTree = "<group>"; };
		5F6CDD748EBF9C8E450016F1 /* VersionCard.swift */ = {isa = PBXFileReference; lastKnownFileType = sourcecode.swift; path = "VersionCard.swift"; sourceTree = "<group>"; };
		C1B94229A8599578C502E967 /* GameTouchControls.swift */ = {isa = PBXFileReference; lastKnownFileType = sourcecode.swift; path = "GameTouchControls.swift"; sourceTree = "<group>"; };
		427352712B948899DAF9DF64 /* AccountRowView.swift */ = {isa = PBXFileReference; lastKnownFileType = sourcecode.swift; path = "AccountRowView.swift"; sourceTree = "<group>"; };
		13C0551B98157CBC0D7B8E42 /* AccountView.swift */ = {isa = PBXFileReference; lastKnownFileType = sourcecode.swift; path = "AccountView.swift"; sourceTree = "<group>"; };
		E28729947A59259EA3B38FD7 /* LoginView.swift */ = {isa = PBXFileReference; lastKnownFileType = sourcecode.swift; path = "LoginView.swift"; sourceTree = "<group>"; };
		E17FECC0F0A5197EAB3E4D62 /* ThreeZoneScaffold.swift */ = {isa = PBXFileReference; lastKnownFileType = sourcecode.swift; path = "ThreeZoneScaffold.swift"; sourceTree = "<group>"; };
		0B5D5E2C57A7F0832AB0669D /* CurseForgePrompt.swift */ = {isa = PBXFileReference; lastKnownFileType = sourcecode.swift; path = "CurseForgePrompt.swift"; sourceTree = "<group>"; };
		33A92B8DF414B98811BEC58A /* DownloadHomeView.swift */ = {isa = PBXFileReference; lastKnownFileType = sourcecode.swift; path = "DownloadHomeView.swift"; sourceTree = "<group>"; };
		46155350E77A187ED64DC865 /* DownloadListView.swift */ = {isa = PBXFileReference; lastKnownFileType = sourcecode.swift; path = "DownloadListView.swift"; sourceTree = "<group>"; };
		5F8F74A5931888A8D8B38C99 /* DownloadRootView.swift */ = {isa = PBXFileReference; lastKnownFileType = sourcecode.swift; path = "DownloadRootView.swift"; sourceTree = "<group>"; };
		BB08228E940BB7DF81D4A2CA /* DownloadTasksView.swift */ = {isa = PBXFileReference; lastKnownFileType = sourcecode.swift; path = "DownloadTasksView.swift"; sourceTree = "<group>"; };
		8C7DAFBE00504784A391FAC5 /* FavoritesView.swift */ = {isa = PBXFileReference; lastKnownFileType = sourcecode.swift; path = "FavoritesView.swift"; sourceTree = "<group>"; };
		142F75AF240B0F4567955210 /* GameVersionListView.swift */ = {isa = PBXFileReference; lastKnownFileType = sourcecode.swift; path = "GameVersionListView.swift"; sourceTree = "<group>"; };
		3B42298A70AED3BDFC9858D0 /* InstallOptionsView.swift */ = {isa = PBXFileReference; lastKnownFileType = sourcecode.swift; path = "InstallOptionsView.swift"; sourceTree = "<group>"; };
		0684C4511E9D562953D8E085 /* InstallingView.swift */ = {isa = PBXFileReference; lastKnownFileType = sourcecode.swift; path = "InstallingView.swift"; sourceTree = "<group>"; };
		F6034418098680E6B804192C /* ProjectDetailView.swift */ = {isa = PBXFileReference; lastKnownFileType = sourcecode.swift; path = "ProjectDetailView.swift"; sourceTree = "<group>"; };
		471947B597A7C3706D1B3147 /* SearchByIdView.swift */ = {isa = PBXFileReference; lastKnownFileType = sourcecode.swift; path = "SearchByIdView.swift"; sourceTree = "<group>"; };
		AD9D06AD0A1A9A75FC08E38C /* FilesView.swift */ = {isa = PBXFileReference; lastKnownFileType = sourcecode.swift; path = "FilesView.swift"; sourceTree = "<group>"; };
		841F365A63004CCBA2E8FAA5 /* LauncherView.swift */ = {isa = PBXFileReference; lastKnownFileType = sourcecode.swift; path = "LauncherView.swift"; sourceTree = "<group>"; };
		8884A79B9BB2AC64A8068A50 /* AppearanceSettings.swift */ = {isa = PBXFileReference; lastKnownFileType = sourcecode.swift; path = "AppearanceSettings.swift"; sourceTree = "<group>"; };
		9C7F069549D9CE10B12D37EA /* BackgroundSettingsView.swift */ = {isa = PBXFileReference; lastKnownFileType = sourcecode.swift; path = "BackgroundSettingsView.swift"; sourceTree = "<group>"; };
		0A472B08AB50CB2E6A223E78 /* ColorThemeDialog.swift */ = {isa = PBXFileReference; lastKnownFileType = sourcecode.swift; path = "ColorThemeDialog.swift"; sourceTree = "<group>"; };
		94919259B477F74388334209 /* CurseForgeKeyPageView.swift */ = {isa = PBXFileReference; lastKnownFileType = sourcecode.swift; path = "CurseForgeKeyPageView.swift"; sourceTree = "<group>"; };
		F26D7FA732DE3C0293776356 /* DiagnosticsSettings.swift */ = {isa = PBXFileReference; lastKnownFileType = sourcecode.swift; path = "DiagnosticsSettings.swift"; sourceTree = "<group>"; };
		2C3D24EA039271760BB193BD /* GameSettings.swift */ = {isa = PBXFileReference; lastKnownFileType = sourcecode.swift; path = "GameSettings.swift"; sourceTree = "<group>"; };
		FD3589ADD6F100206C6E1FD0 /* SettingsView.swift */ = {isa = PBXFileReference; lastKnownFileType = sourcecode.swift; path = "SettingsView.swift"; sourceTree = "<group>"; };
		545E3C4C11172A3D834470D0 /* VersionListView.swift */ = {isa = PBXFileReference; lastKnownFileType = sourcecode.swift; path = "VersionListView.swift"; sourceTree = "<group>"; };
		59952E37C6610DBBA53B287A /* VersionRowView.swift */ = {isa = PBXFileReference; lastKnownFileType = sourcecode.swift; path = "VersionRowView.swift"; sourceTree = "<group>"; };
		4121D10098DB9E436AEA95C0 /* VersionSettingsView.swift */ = {isa = PBXFileReference; lastKnownFileType = sourcecode.swift; path = "VersionSettingsView.swift"; sourceTree = "<group>"; };
		10463A7E991777159816B179 /* BuiltinThemes.swift */ = {isa = PBXFileReference; lastKnownFileType = sourcecode.swift; path = "BuiltinThemes.swift"; sourceTree = "<group>"; };
		76BC41FA2AEC69EC04291655 /* ColorScheme.swift */ = {isa = PBXFileReference; lastKnownFileType = sourcecode.swift; path = "ColorScheme.swift"; sourceTree = "<group>"; };
		BCDDBA7499A298FE3F5E96D3 /* Metrics.swift */ = {isa = PBXFileReference; lastKnownFileType = sourcecode.swift; path = "Metrics.swift"; sourceTree = "<group>"; };
		ECC7F1926A38DBD6D97240FA /* Motion.swift */ = {isa = PBXFileReference; lastKnownFileType = sourcecode.swift; path = "Motion.swift"; sourceTree = "<group>"; };
		BBEB6DDEDF200B7C069E1B64 /* ThemeManager.swift */ = {isa = PBXFileReference; lastKnownFileType = sourcecode.swift; path = "ThemeManager.swift"; sourceTree = "<group>"; };
		855228AB0CE977F1BE9661CF /* Typography.swift */ = {isa = PBXFileReference; lastKnownFileType = sourcecode.swift; path = "Typography.swift"; sourceTree = "<group>"; };
		0655570597A8FA84EFDCB23E /* Air2-Bridging-Header.h */ = {isa = PBXFileReference; lastKnownFileType = sourcecode.c.h; path = "Air2-Bridging-Header.h"; sourceTree = "<group>"; };
		748747C748D79B3DAEEDB5CF /* A2Account.h */ = {isa = PBXFileReference; lastKnownFileType = sourcecode.c.h; path = "A2Account.h"; sourceTree = "<group>"; };
		1EB22C948F38C8AEC14F9AB3 /* A2AccountManager.h */ = {isa = PBXFileReference; lastKnownFileType = sourcecode.c.h; path = "A2AccountManager.h"; sourceTree = "<group>"; };
		845233208F5ECAED2A1B1D6B /* A2MicrosoftAuth.h */ = {isa = PBXFileReference; lastKnownFileType = sourcecode.c.h; path = "A2MicrosoftAuth.h"; sourceTree = "<group>"; };
		BE140C5384D36CE4A510C926 /* A2Wardrobe.h */ = {isa = PBXFileReference; lastKnownFileType = sourcecode.c.h; path = "A2Wardrobe.h"; sourceTree = "<group>"; };
		7452A96D7665BFCA516E1759 /* A2ContentSource.h */ = {isa = PBXFileReference; lastKnownFileType = sourcecode.c.h; path = "A2ContentSource.h"; sourceTree = "<group>"; };
		732674FFF97FD95863EEEAC7 /* A2CurseForgeAPI.h */ = {isa = PBXFileReference; lastKnownFileType = sourcecode.c.h; path = "A2CurseForgeAPI.h"; sourceTree = "<group>"; };
		D10B30C91899E9D94389EF4D /* A2MirrorResolver.h */ = {isa = PBXFileReference; lastKnownFileType = sourcecode.c.h; path = "A2MirrorResolver.h"; sourceTree = "<group>"; };
		2CDA5A9BDC1B71E004D187AD /* A2ModLoaderAPI.h */ = {isa = PBXFileReference; lastKnownFileType = sourcecode.c.h; path = "A2ModLoaderAPI.h"; sourceTree = "<group>"; };
		D845B0CEB9AEB5591C34C008 /* A2ModLoaderInstaller.h */ = {isa = PBXFileReference; lastKnownFileType = sourcecode.c.h; path = "A2ModLoaderInstaller.h"; sourceTree = "<group>"; };
		82C5CA51B322A62C9A8716A5 /* A2ModPack.h */ = {isa = PBXFileReference; lastKnownFileType = sourcecode.c.h; path = "A2ModPack.h"; sourceTree = "<group>"; };
		BEB699597AD1A56E18E868F6 /* A2ModrinthAPI.h */ = {isa = PBXFileReference; lastKnownFileType = sourcecode.c.h; path = "A2ModrinthAPI.h"; sourceTree = "<group>"; };
		AFAF6FCA941790ECF1D16844 /* A2ZipReader.h */ = {isa = PBXFileReference; lastKnownFileType = sourcecode.c.h; path = "A2ZipReader.h"; sourceTree = "<group>"; };
		DE956596465BDFF25E578448 /* A2DownloadEngine.h */ = {isa = PBXFileReference; lastKnownFileType = sourcecode.c.h; path = "A2DownloadEngine.h"; sourceTree = "<group>"; };
		1EDE5D2DBCB81396D185C97D /* A2DownloadFavorites.h */ = {isa = PBXFileReference; lastKnownFileType = sourcecode.c.h; path = "A2DownloadFavorites.h"; sourceTree = "<group>"; };
		D3ABD890B860FD03E77A2B0C /* A2DownloadManifest.h */ = {isa = PBXFileReference; lastKnownFileType = sourcecode.c.h; path = "A2DownloadManifest.h"; sourceTree = "<group>"; };
		0F59C20AA19682790BF7251E /* A2DownloadTask.h */ = {isa = PBXFileReference; lastKnownFileType = sourcecode.c.h; path = "A2DownloadTask.h"; sourceTree = "<group>"; };
		A9FC62B0E895E90CEEE39D8E /* A2DownloadTaskCenter.h */ = {isa = PBXFileReference; lastKnownFileType = sourcecode.c.h; path = "A2DownloadTaskCenter.h"; sourceTree = "<group>"; };
		801FBE3D9BBD2833977FF7A9 /* A2GameDirMigration.h */ = {isa = PBXFileReference; lastKnownFileType = sourcecode.c.h; path = "A2GameDirMigration.h"; sourceTree = "<group>"; };
		0B3D6D1B16A31DBED39334EE /* A2GameFiles.h */ = {isa = PBXFileReference; lastKnownFileType = sourcecode.c.h; path = "A2GameFiles.h"; sourceTree = "<group>"; };
		CDB8C000E2777EB953C462DD /* A2VersionIsolation.h */ = {isa = PBXFileReference; lastKnownFileType = sourcecode.c.h; path = "A2VersionIsolation.h"; sourceTree = "<group>"; };
		12B70B0E6FB31B7E75D61633 /* A2Renderer.h */ = {isa = PBXFileReference; lastKnownFileType = sourcecode.c.h; path = "A2Renderer.h"; sourceTree = "<group>"; };
		8D9149596220C9F4F49C460D /* A2Settings.h */ = {isa = PBXFileReference; lastKnownFileType = sourcecode.c.h; path = "A2Settings.h"; sourceTree = "<group>"; };
		8407C36C2C93136130B9F07E /* A2GameInstaller.h */ = {isa = PBXFileReference; lastKnownFileType = sourcecode.c.h; path = "A2GameInstaller.h"; sourceTree = "<group>"; };
		797843066906C8A344CE1344 /* A2RemoteVersions.h */ = {isa = PBXFileReference; lastKnownFileType = sourcecode.c.h; path = "A2RemoteVersions.h"; sourceTree = "<group>"; };
		8566CA5C1C5F50A603ACC370 /* A2VersionManager.h */ = {isa = PBXFileReference; lastKnownFileType = sourcecode.c.h; path = "A2VersionManager.h"; sourceTree = "<group>"; };
		A0A4BD66A8E2E70961D106B2 /* A2Log.h */ = {isa = PBXFileReference; lastKnownFileType = sourcecode.c.h; path = "A2Log.h"; sourceTree = "<group>"; };
		089E9C0B1F10F5FF4BE351B0 /* A2MurmurHash2.h */ = {isa = PBXFileReference; lastKnownFileType = sourcecode.c.h; path = "A2MurmurHash2.h"; sourceTree = "<group>"; };
/* End PBXFileReference section */

/* Begin PBXFrameworksBuildPhase section */
		B365BE9502C3128F5D540532 /* Frameworks */ = {
			isa = PBXFrameworksBuildPhase;
			buildActionMask = 2147483647;
			files = (
			);
			runOnlyForDeploymentPostprocessing = 0;
		};
/* End PBXFrameworksBuildPhase section */

/* Begin PBXGroup section */
		E2258AA71B17E0A3529C6C95 = {
			isa = PBXGroup;
			children = (
				0D7DB83B69709B8B97AE4409 /* Air2 */,
				31A5E41A9BD04E385DB196E5 /* Products */,
			);
			sourceTree = "<group>";
		};

		31A5E41A9BD04E385DB196E5 /* Products */ = {
			isa = PBXGroup;
			children = (
				082E22CB657D9948DD22CF5F /* Air2.app */,
			);
			name = Products;
			sourceTree = "<group>";
		};

		0D7DB83B69709B8B97AE4409 /* Air2 */ = {
			isa = PBXGroup;
			children = (
				0655570597A8FA84EFDCB23E /* Air2-Bridging-Header.h */,
				18FD4D9FAB9B1E1C27AFB511 /* Info.plist */,
				7B4F16DD90D9362E0A2BDBD1 /* App */,
				E5BA60354B4EC37E480783EA /* Core */,
				B33E61FAD84ACA6142548585 /* UI */,
				07456E46BBC30DF8EE54F44C /* Utils */,
			);
			path = Air2;
			sourceTree = "<group>";
		};

		7B4F16DD90D9362E0A2BDBD1 /* App */ = {
			isa = PBXGroup;
			children = (
				866888607904FFF2E9088624 /* Air2App.swift */,
				AE1D2D582DA5FBDD97ADF25F /* AppDelegate.swift */,
				5D43249CE6B5D35C05D4F8D2 /* CrashGuard.swift */,
				1496FDE7274B2506043B8E81 /* DependencyContainer.swift */,
				06020AB75851C54566217C42 /* NavigationHost.swift */,
				5509BE150C249690F0BCA69D /* RootView.swift */,
			);
			path = App;
			sourceTree = "<group>";
		};

		E5BA60354B4EC37E480783EA /* Core */ = {
			isa = PBXGroup;
			children = (
				B31D400D67779826215CAD33 /* Account */,
				184E0966D040B090B9F76405 /* Addons */,
				6D1D1D1337AE93B0607365A8 /* Download */,
				3C208AC8788CF22B0CC6CF18 /* Path */,
				7BE232A3F169182CC82ED438 /* Renderer */,
				836F8EEA81C821DAF5B999B4 /* Settings */,
				1A5C09A9A5278A534417CCF0 /* Version */,
			);
			path = Core;
			sourceTree = "<group>";
		};

		B33E61FAD84ACA6142548585 /* UI */ = {
			isa = PBXGroup;
			children = (
				8B89578D010E17535991475E /* Components */,
				BA9A1F1EAA8FD7F62C9EE6A6 /* Control */,
				E4F1D82CF180792A5EDFE454 /* Screens */,
				ED89BE603E6F0B8503DCD530 /* Theme */,
			);
			path = UI;
			sourceTree = "<group>";
		};

		07456E46BBC30DF8EE54F44C /* Utils */ = {
			isa = PBXGroup;
			children = (
				CE8E02818B37C0AFFABF71D5 /* A2Log.m */,
				70E537F57063CE783BE3A38B /* A2MurmurHash2.m */,
				A0A4BD66A8E2E70961D106B2 /* A2Log.h */,
				089E9C0B1F10F5FF4BE351B0 /* A2MurmurHash2.h */,
			);
			path = Utils;
			sourceTree = "<group>";
		};

		B31D400D67779826215CAD33 /* Account */ = {
			isa = PBXGroup;
			children = (
				88C69537AF21F68A7B1456D3 /* A2Account.m */,
				FBBBB4EFA2B5334A45EA3C4E /* A2AccountManager.m */,
				BA94035A25A574575C224EC9 /* A2MicrosoftAuth.m */,
				1FCEEB9DA67A103C2B6DBA4A /* A2Wardrobe.m */,
				748747C748D79B3DAEEDB5CF /* A2Account.h */,
				1EB22C948F38C8AEC14F9AB3 /* A2AccountManager.h */,
				845233208F5ECAED2A1B1D6B /* A2MicrosoftAuth.h */,
				BE140C5384D36CE4A510C926 /* A2Wardrobe.h */,
			);
			path = Account;
			sourceTree = "<group>";
		};

		184E0966D040B090B9F76405 /* Addons */ = {
			isa = PBXGroup;
			children = (
				1701CD5F8C697E4FB0EA95CC /* A2ContentSource.m */,
				B9FA6C49037A18A6B1E59FD5 /* A2CurseForgeAPI.m */,
				C4D9FC19281C2C7616C83363 /* A2MirrorResolver.m */,
				A3D19D895874DEE2D8098956 /* A2ModLoaderAPI.m */,
				452CB103E2800DE9E594C441 /* A2ModLoaderInstaller.m */,
				818837C4F3F9187CAE2C7B85 /* A2ModPack.m */,
				B861A80294DEA73B8E0D6BF6 /* A2ModrinthAPI.m */,
				C7F15DE318744485CEE00538 /* A2ZipReader.m */,
				7452A96D7665BFCA516E1759 /* A2ContentSource.h */,
				732674FFF97FD95863EEEAC7 /* A2CurseForgeAPI.h */,
				D10B30C91899E9D94389EF4D /* A2MirrorResolver.h */,
				2CDA5A9BDC1B71E004D187AD /* A2ModLoaderAPI.h */,
				D845B0CEB9AEB5591C34C008 /* A2ModLoaderInstaller.h */,
				82C5CA51B322A62C9A8716A5 /* A2ModPack.h */,
				BEB699597AD1A56E18E868F6 /* A2ModrinthAPI.h */,
				AFAF6FCA941790ECF1D16844 /* A2ZipReader.h */,
			);
			path = Addons;
			sourceTree = "<group>";
		};

		6D1D1D1337AE93B0607365A8 /* Download */ = {
			isa = PBXGroup;
			children = (
				1AB69D44FBBC5CC51E15C202 /* A2DownloadEngine.m */,
				3F6494DF9E525C24C5D69098 /* A2DownloadFavorites.m */,
				2FC0B48C28C39D5C14E494FD /* A2DownloadManifest.m */,
				AE757274F8E1E206F093F68A /* A2DownloadTask.m */,
				49E73CAF4B5DFDDC5E9F20AF /* A2DownloadTaskCenter.m */,
				DE956596465BDFF25E578448 /* A2DownloadEngine.h */,
				1EDE5D2DBCB81396D185C97D /* A2DownloadFavorites.h */,
				D3ABD890B860FD03E77A2B0C /* A2DownloadManifest.h */,
				0F59C20AA19682790BF7251E /* A2DownloadTask.h */,
				A9FC62B0E895E90CEEE39D8E /* A2DownloadTaskCenter.h */,
			);
			path = Download;
			sourceTree = "<group>";
		};

		3C208AC8788CF22B0CC6CF18 /* Path */ = {
			isa = PBXGroup;
			children = (
				F03B93794DA818FF2F14D7D0 /* A2GameDirMigration.m */,
				D0693B31AD2EAB6A0328732E /* A2GameFiles.m */,
				074A2046BA4799F9CF95C731 /* A2VersionIsolation.m */,
				801FBE3D9BBD2833977FF7A9 /* A2GameDirMigration.h */,
				0B3D6D1B16A31DBED39334EE /* A2GameFiles.h */,
				CDB8C000E2777EB953C462DD /* A2VersionIsolation.h */,
			);
			path = Path;
			sourceTree = "<group>";
		};

		7BE232A3F169182CC82ED438 /* Renderer */ = {
			isa = PBXGroup;
			children = (
				47106E1A43667C70F671BED2 /* A2Renderer.m */,
				12B70B0E6FB31B7E75D61633 /* A2Renderer.h */,
			);
			path = Renderer;
			sourceTree = "<group>";
		};

		836F8EEA81C821DAF5B999B4 /* Settings */ = {
			isa = PBXGroup;
			children = (
				035FB3CC4FE4018F44632AD5 /* A2Settings.m */,
				8D9149596220C9F4F49C460D /* A2Settings.h */,
			);
			path = Settings;
			sourceTree = "<group>";
		};

		1A5C09A9A5278A534417CCF0 /* Version */ = {
			isa = PBXGroup;
			children = (
				044D1BEC3AFD9353427BC038 /* A2GameInstaller.m */,
				C2B743CEBD2B34A26F40E947 /* A2RemoteVersions.m */,
				643B820206971C227F265607 /* A2VersionManager.m */,
				8407C36C2C93136130B9F07E /* A2GameInstaller.h */,
				797843066906C8A344CE1344 /* A2RemoteVersions.h */,
				8566CA5C1C5F50A603ACC370 /* A2VersionManager.h */,
			);
			path = Version;
			sourceTree = "<group>";
		};

		8B89578D010E17535991475E /* Components */ = {
			isa = PBXGroup;
			children = (
				6EBC8D09DEEB659F491EB4A1 /* BackgroundView.swift */,
				F1DFE4ED3F5D8BE82C61D1DD /* CardPosition.swift */,
				8E37EF43436B51CE347FF4C6 /* CardTitleBar.swift */,
				151BB2451733447AE1D3E7DC /* CategoryNavView.swift */,
				3543AD0EB4510FEC910918F2 /* ColorWheel.swift */,
				A2D706E376AEA02F7408E4FE /* ComponentTheme.swift */,
				AA74C9D2AC3E9C138FD5AE00 /* FilterChip.swift */,
				6F519B0E4BA40CA6985F53B4 /* GlassCard.swift */,
				95BCD2E3AAB5B9522869C0F7 /* LoaderCard.swift */,
				08603751C866996714D8F815 /* PrimaryButton.swift */,
				4591EB238C919AFC8D29816E /* ProgressBar.swift */,
				E4026B89A482ADAB99780AFE /* ProgressView.swift */,
				FF4EC06FF58C75BA63447107 /* QuickActionCard.swift */,
				908841A847930D548D7CF59B /* RemoteImageView.swift */,
				27E32F7BD6A8C28CC0B880E4 /* RingProgress.swift */,
				AF9B3377B7F8E5E748EAD3A1 /* SegmentedControl.swift */,
				FB28253924087AB3560E83F3 /* SettingsRow.swift */,
				8970C96C9143C9E838C37E29 /* SettingsSection.swift */,
				6A30BACDC7F40B806BA6D280 /* SkinHeadView.swift */,
				8AFDD56DB69EE6A295817838 /* TaskDrawer.swift */,
				F2761A68623D061867808616 /* TaskProgressView.swift */,
				791723B2B9F67D3A7B0F3684 /* TextField.swift */,
				1F74E5FD1768E4425CA17E31 /* Toast.swift */,
				5F6CDD748EBF9C8E450016F1 /* VersionCard.swift */,
			);
			path = Components;
			sourceTree = "<group>";
		};

		BA9A1F1EAA8FD7F62C9EE6A6 /* Control */ = {
			isa = PBXGroup;
			children = (
				C1B94229A8599578C502E967 /* GameTouchControls.swift */,
			);
			path = Control;
			sourceTree = "<group>";
		};

		E4F1D82CF180792A5EDFE454 /* Screens */ = {
			isa = PBXGroup;
			children = (
				8957500F4C1E2FA1D18DFCD1 /* Account */,
				E9D28F1A1A51589D34661D04 /* Base */,
				55AB3FA6D6516DF096EA9950 /* Download */,
				8AE91C9F5AC2D4232C4E21E3 /* Files */,
				C7F61C0D99C863113AC1C553 /* Home */,
				C09CC792827909A5EC124675 /* Settings */,
				940C24E13AC2B0BB0C4F8B79 /* Version */,
			);
			path = Screens;
			sourceTree = "<group>";
		};

		ED89BE603E6F0B8503DCD530 /* Theme */ = {
			isa = PBXGroup;
			children = (
				10463A7E991777159816B179 /* BuiltinThemes.swift */,
				76BC41FA2AEC69EC04291655 /* ColorScheme.swift */,
				BCDDBA7499A298FE3F5E96D3 /* Metrics.swift */,
				ECC7F1926A38DBD6D97240FA /* Motion.swift */,
				BBEB6DDEDF200B7C069E1B64 /* ThemeManager.swift */,
				855228AB0CE977F1BE9661CF /* Typography.swift */,
			);
			path = Theme;
			sourceTree = "<group>";
		};

		8957500F4C1E2FA1D18DFCD1 /* Account */ = {
			isa = PBXGroup;
			children = (
				427352712B948899DAF9DF64 /* AccountRowView.swift */,
				13C0551B98157CBC0D7B8E42 /* AccountView.swift */,
				E28729947A59259EA3B38FD7 /* LoginView.swift */,
			);
			path = Account;
			sourceTree = "<group>";
		};

		E9D28F1A1A51589D34661D04 /* Base */ = {
			isa = PBXGroup;
			children = (
				E17FECC0F0A5197EAB3E4D62 /* ThreeZoneScaffold.swift */,
			);
			path = Base;
			sourceTree = "<group>";
		};

		55AB3FA6D6516DF096EA9950 /* Download */ = {
			isa = PBXGroup;
			children = (
				0B5D5E2C57A7F0832AB0669D /* CurseForgePrompt.swift */,
				33A92B8DF414B98811BEC58A /* DownloadHomeView.swift */,
				46155350E77A187ED64DC865 /* DownloadListView.swift */,
				5F8F74A5931888A8D8B38C99 /* DownloadRootView.swift */,
				BB08228E940BB7DF81D4A2CA /* DownloadTasksView.swift */,
				8C7DAFBE00504784A391FAC5 /* FavoritesView.swift */,
				142F75AF240B0F4567955210 /* GameVersionListView.swift */,
				3B42298A70AED3BDFC9858D0 /* InstallOptionsView.swift */,
				0684C4511E9D562953D8E085 /* InstallingView.swift */,
				F6034418098680E6B804192C /* ProjectDetailView.swift */,
				471947B597A7C3706D1B3147 /* SearchByIdView.swift */,
			);
			path = Download;
			sourceTree = "<group>";
		};

		8AE91C9F5AC2D4232C4E21E3 /* Files */ = {
			isa = PBXGroup;
			children = (
				AD9D06AD0A1A9A75FC08E38C /* FilesView.swift */,
			);
			path = Files;
			sourceTree = "<group>";
		};

		C7F61C0D99C863113AC1C553 /* Home */ = {
			isa = PBXGroup;
			children = (
				841F365A63004CCBA2E8FAA5 /* LauncherView.swift */,
			);
			path = Home;
			sourceTree = "<group>";
		};

		C09CC792827909A5EC124675 /* Settings */ = {
			isa = PBXGroup;
			children = (
				8884A79B9BB2AC64A8068A50 /* AppearanceSettings.swift */,
				9C7F069549D9CE10B12D37EA /* BackgroundSettingsView.swift */,
				0A472B08AB50CB2E6A223E78 /* ColorThemeDialog.swift */,
				94919259B477F74388334209 /* CurseForgeKeyPageView.swift */,
				F26D7FA732DE3C0293776356 /* DiagnosticsSettings.swift */,
				2C3D24EA039271760BB193BD /* GameSettings.swift */,
				FD3589ADD6F100206C6E1FD0 /* SettingsView.swift */,
			);
			path = Settings;
			sourceTree = "<group>";
		};

		940C24E13AC2B0BB0C4F8B79 /* Version */ = {
			isa = PBXGroup;
			children = (
				545E3C4C11172A3D834470D0 /* VersionListView.swift */,
				59952E37C6610DBBA53B287A /* VersionRowView.swift */,
				4121D10098DB9E436AEA95C0 /* VersionSettingsView.swift */,
			);
			path = Version;
			sourceTree = "<group>";
		};

/* End PBXGroup section */

/* Begin PBXNativeTarget section */
		489989357F50184436B4C36D /* Air2 */ = {
			isa = PBXNativeTarget;
			buildConfigurationList = 09185177824D0012F345AF29 /* Build configuration list for PBXNativeTarget "Air2" */;
			buildPhases = (
				E9AC67C993D2511BDAD48561 /* Sources */,
				B365BE9502C3128F5D540532 /* Frameworks */,
				483A0E0C9C74F0CBD6A612E6 /* Resources */,
			);
			buildRules = (
			);
			dependencies = (
			);
			name = Air2;
			productName = Air2;
			productReference = 082E22CB657D9948DD22CF5F /* Air2.app */;
			productType = "com.apple.product-type.application";
		};
/* End PBXNativeTarget section */

/* Begin PBXProject section */
		807E8FCA71E1D108200A94CC /* Project object */ = {
			isa = PBXProject;
			attributes = {
				BuildIndependentTargetsInParallel = 1;
				LastUpgradeCheck = 1600;
				TargetAttributes = {
					489989357F50184436B4C36D = {
						CreatedOnToolsVersion = 16.0;
					};
				};
			};
			buildConfigurationList = F086F31674BEA44957E3CCA5 /* Build configuration list for PBXProject "Air2" */;
			compatibilityVersion = "Xcode 14.0";
			developmentRegion = "zh-Hans";
			hasScannedForEncodings = 0;
			knownRegions = (
				"zh-Hans",
				en,
				Base,
			);
			mainGroup = E2258AA71B17E0A3529C6C95;
			productRefGroup = 31A5E41A9BD04E385DB196E5 /* Products */;
			projectDirPath = "";
			projectRoot = "";
			targets = (
				489989357F50184436B4C36D /* Air2 */,
			);
		};
/* End PBXProject section */

/* Begin PBXResourcesBuildPhase section */
		483A0E0C9C74F0CBD6A612E6 /* Resources */ = {
			isa = PBXResourcesBuildPhase;
			buildActionMask = 2147483647;
			files = (
			);
			runOnlyForDeploymentPostprocessing = 0;
		};
/* End PBXResourcesBuildPhase section */

/* Begin PBXSourcesBuildPhase section */
		E9AC67C993D2511BDAD48561 /* Sources */ = {
			isa = PBXSourcesBuildPhase;
			buildActionMask = 2147483647;
			files = (
				434831579F14E55A1DF7A0D1 /* A2Account.m in Sources */,
				0B32EEA9A11A39AA5D315041 /* A2AccountManager.m in Sources */,
				3352C680504CA3F9AB6CFD26 /* A2MicrosoftAuth.m in Sources */,
				B70F2470805980B206B1EAF8 /* A2Wardrobe.m in Sources */,
				514C73BF78432EFA524E3D87 /* A2ContentSource.m in Sources */,
				0D17D81407F6A22D20B89620 /* A2CurseForgeAPI.m in Sources */,
				178E4C042E711E4F72FAAAED /* A2MirrorResolver.m in Sources */,
				A83EEEB1694635A4E2D8A05C /* A2ModLoaderAPI.m in Sources */,
				06B9E837FB19EE06FB5B8001 /* A2ModLoaderInstaller.m in Sources */,
				B93BF19B9A5817F070177A3E /* A2ModPack.m in Sources */,
				FAE87882A16451C5E2E43DDE /* A2ModrinthAPI.m in Sources */,
				006F90647E36FA45B54D7B39 /* A2ZipReader.m in Sources */,
				9F125686BA18A3A79AC3C941 /* A2DownloadEngine.m in Sources */,
				04806F8C420A200707485301 /* A2DownloadFavorites.m in Sources */,
				E6679E2C4F527A9777EA6CEC /* A2DownloadManifest.m in Sources */,
				9B094A240FBA6A3C1821F88C /* A2DownloadTask.m in Sources */,
				7EA9A208AAFD076980572984 /* A2DownloadTaskCenter.m in Sources */,
				186C2F9B8B2FA203E76FC125 /* A2GameDirMigration.m in Sources */,
				B084543A044A1B44B18F5627 /* A2GameFiles.m in Sources */,
				6DA086F467887A64948307E1 /* A2VersionIsolation.m in Sources */,
				8B0D65271C85EAABC46B0226 /* A2Renderer.m in Sources */,
				E25E5360A9384CB39937D6BB /* A2Settings.m in Sources */,
				15FCDF02D9A83B5081869F80 /* A2GameInstaller.m in Sources */,
				42E2F81428F01FB2F3F912BC /* A2RemoteVersions.m in Sources */,
				7B9AB26480F0093CF5FC40A9 /* A2VersionManager.m in Sources */,
				C754280DF19913731620CE6A /* A2Log.m in Sources */,
				6B1CD1AC96CD93B7EE0847A4 /* A2MurmurHash2.m in Sources */,
				0797E9BAF06A3FD13CEC7CF3 /* Air2App.swift in Sources */,
				ADCE81DB2F9947D6711B493A /* AppDelegate.swift in Sources */,
				C42BE18EF6DDD24DD117008A /* CrashGuard.swift in Sources */,
				495B261DAB12308ECFEE69D3 /* DependencyContainer.swift in Sources */,
				FC8632ECD6ECD09C22FDF804 /* NavigationHost.swift in Sources */,
				D6FDD46AD2BA466162D57A35 /* RootView.swift in Sources */,
				E6541D6F88F1F630A2290F93 /* BackgroundView.swift in Sources */,
				8F949E3C78195E0FEE2DEC65 /* CardPosition.swift in Sources */,
				BDB0E9EF97FD9D851561EB6E /* CardTitleBar.swift in Sources */,
				DFE10F17D93F705C51710774 /* CategoryNavView.swift in Sources */,
				C0B34F0A31B30056332CA4E1 /* ColorWheel.swift in Sources */,
				AF4BB301B58FF4B0D5332EB9 /* ComponentTheme.swift in Sources */,
				B70AB4E245B9C8D2BA22ABA9 /* FilterChip.swift in Sources */,
				4187D79AEDC093AFA7E15D47 /* GlassCard.swift in Sources */,
				088EB690BEEC9A0534D153BB /* LoaderCard.swift in Sources */,
				2489096B21E028A9F57B56BC /* PrimaryButton.swift in Sources */,
				D768CE88BD1495370694AFE5 /* ProgressBar.swift in Sources */,
				5B9F750BB3C1A2865FF3BF39 /* ProgressView.swift in Sources */,
				5FB6FB8327673B936606E9BC /* QuickActionCard.swift in Sources */,
				8DF035366CCC7F3DF8782E05 /* RemoteImageView.swift in Sources */,
				6C3200AE26ECCD3B82AD5175 /* RingProgress.swift in Sources */,
				5C28BC7F1175BB25AFCE725F /* SegmentedControl.swift in Sources */,
				154CFD61992676FBD0857DA5 /* SettingsRow.swift in Sources */,
				CBB2E846005AD0B81ABEC2EB /* SettingsSection.swift in Sources */,
				09051D7D11F78B2E51B0DC38 /* SkinHeadView.swift in Sources */,
				AB1D0CF8E5FC2D33F9F25697 /* TaskDrawer.swift in Sources */,
				6E2D4B4FF4BD06CB8503D33E /* TaskProgressView.swift in Sources */,
				5ACE11D5E58F70DBEEA52743 /* TextField.swift in Sources */,
				010B9AD38121B795890A8207 /* Toast.swift in Sources */,
				62454E60FB4AD4C81FB78023 /* VersionCard.swift in Sources */,
				AF7D4666D3086CBD271BB753 /* GameTouchControls.swift in Sources */,
				C9C91FD0C0881D51A63318B5 /* AccountRowView.swift in Sources */,
				82E3EF63878E8C64BF9CF013 /* AccountView.swift in Sources */,
				58108F974FCADFBAF4A4244D /* LoginView.swift in Sources */,
				C68EB25A2335C929D789326F /* ThreeZoneScaffold.swift in Sources */,
				71645F19BAA4FFD19662CDD8 /* CurseForgePrompt.swift in Sources */,
				1B93967CB179E251BEA500B5 /* DownloadHomeView.swift in Sources */,
				9E2BBAECE50EA093138CB23E /* DownloadListView.swift in Sources */,
				28F60732DEE4C9FC3CFCBE8B /* DownloadRootView.swift in Sources */,
				41EF6736AF00DF4023732690 /* DownloadTasksView.swift in Sources */,
				750DA30EE2C3D01EC1633496 /* FavoritesView.swift in Sources */,
				9372CF494943065CDCE42C70 /* GameVersionListView.swift in Sources */,
				A2910F51B195BEA570E82CDE /* InstallOptionsView.swift in Sources */,
				80A3ACECFE4B431D09E0A04B /* InstallingView.swift in Sources */,
				4C4454F0DCD6B4AF6E7DCA48 /* ProjectDetailView.swift in Sources */,
				2118C3639B6E5C3C288BA26E /* SearchByIdView.swift in Sources */,
				4E9A923FCD5CD054D1F85BBA /* FilesView.swift in Sources */,
				4E70B43B1B5241D853787EF0 /* LauncherView.swift in Sources */,
				461E4834309BF93D0CBA8C37 /* AppearanceSettings.swift in Sources */,
				B2A4863F0474F36A77A131C7 /* BackgroundSettingsView.swift in Sources */,
				7DDC585DC2BFA644F01A3947 /* ColorThemeDialog.swift in Sources */,
				E53F3987E26B670BEF756EFB /* CurseForgeKeyPageView.swift in Sources */,
				63319449FA99C63D2955C83A /* DiagnosticsSettings.swift in Sources */,
				36DC48801B096EC2DF6CE1DE /* GameSettings.swift in Sources */,
				BC3FCF535F4B17F329A6DEBC /* SettingsView.swift in Sources */,
				9BE4E7731082AFBAAC8F057F /* VersionListView.swift in Sources */,
				2FBE069A35992A9B662AA3C2 /* VersionRowView.swift in Sources */,
				80146D2685C31E41A8250D7E /* VersionSettingsView.swift in Sources */,
				0144398499FED586B60F82BA /* BuiltinThemes.swift in Sources */,
				CBC040CE6914B3B0CCC4C58C /* ColorScheme.swift in Sources */,
				A64D3EB63BD920828CC06B1C /* Metrics.swift in Sources */,
				A88299974DAE7DB07F2F2675 /* Motion.swift in Sources */,
				39064D7E7367F44A64E8E344 /* ThemeManager.swift in Sources */,
				8974EA83FE128E3C96F0A880 /* Typography.swift in Sources */,
			);
			runOnlyForDeploymentPostprocessing = 0;
		};
/* End PBXSourcesBuildPhase section */

/* Begin XCBuildConfiguration section */
		282F8BED7AC8E61EF9F4311F /* Build configuration list for PBXProject "Air2" */ = {
			isa = XCBuildConfiguration;
			buildSettings = {
				ALWAYS_SEARCH_USER_PATHS = "NO";
				CLANG_ANALYZER_NONNULL = "YES";
				CLANG_ENABLE_MODULES = "YES";
				CLANG_ENABLE_OBJC_ARC = "YES";
				CLANG_WARN_BLOCK_CAPTURE_AUTORELEASING = "YES";
				CLANG_WARN_BOOL_CONVERSION = "YES";
				CLANG_WARN_DOCUMENTATION_COMMENTS = "YES";
				CLANG_WARN_EMPTY_BODY = "YES";
				CLANG_WARN_ENUM_CONVERSION = "YES";
				CLANG_WARN_INT_CONVERSION = "YES";
				CLANG_WARN_UNREACHABLE_CODE = "YES";
				COPY_PHASE_STRIP = "NO";
				DEBUG_INFORMATION_FORMAT = "dwarf";
				ENABLE_STRICT_OBJC_MSGSEND = "YES";
				ENABLE_TESTABILITY = "YES";
				GCC_C_LANGUAGE_STANDARD = "gnu17";
				GCC_DYNAMIC_NO_PIC = "NO";
				GCC_NO_COMMON_BLOCKS = "YES";
				GCC_OPTIMIZATION_LEVEL = "0";
				GCC_PREPROCESSOR_DEFINITIONS = (
					"DEBUG=1",
					"$(inherited)",
				);
				GCC_WARN_UNDECLARED_SELECTOR = "YES";
				GCC_WARN_UNINITIALIZED_AUTOS = "YES";
				GCC_WARN_UNUSED_FUNCTION = "YES";
				GCC_WARN_UNUSED_VARIABLE = "YES";
				IPHONEOS_DEPLOYMENT_TARGET = "15.0";
				MTL_ENABLE_DEBUG_INFO = "INCLUDE_SOURCE";
				ONLY_ACTIVE_ARCH = "YES";
				SDKROOT = "iphoneos";
			};
			name = Debug;
		};
		BAA844323E141A79DF10B0D7 /* Build configuration list for PBXProject "Air2" */ = {
			isa = XCBuildConfiguration;
			buildSettings = {
				ALWAYS_SEARCH_USER_PATHS = "NO";
				CLANG_ANALYZER_NONNULL = "YES";
				CLANG_ENABLE_MODULES = "YES";
				CLANG_ENABLE_OBJC_ARC = "YES";
				CLANG_WARN_BLOCK_CAPTURE_AUTORELEASING = "YES";
				CLANG_WARN_BOOL_CONVERSION = "YES";
				CLANG_WARN_DOCUMENTATION_COMMENTS = "YES";
				CLANG_WARN_EMPTY_BODY = "YES";
				CLANG_WARN_ENUM_CONVERSION = "YES";
				CLANG_WARN_INT_CONVERSION = "YES";
				CLANG_WARN_UNREACHABLE_CODE = "YES";
				COPY_PHASE_STRIP = "NO";
				DEBUG_INFORMATION_FORMAT = "dwarf-with-dsym";
				ENABLE_NS_ASSERTIONS = "NO";
				ENABLE_STRICT_OBJC_MSGSEND = "YES";
				GCC_C_LANGUAGE_STANDARD = "gnu17";
				GCC_NO_COMMON_BLOCKS = "YES";
				GCC_WARN_UNDECLARED_SELECTOR = "YES";
				GCC_WARN_UNINITIALIZED_AUTOS = "YES";
				GCC_WARN_UNUSED_FUNCTION = "YES";
				GCC_WARN_UNUSED_VARIABLE = "YES";
				IPHONEOS_DEPLOYMENT_TARGET = "15.0";
				MTL_ENABLE_DEBUG_INFO = "NO";
				SDKROOT = "iphoneos";
				VALIDATE_PRODUCT = "YES";
			};
			name = Release;
		};
		2381CE2D4AF8729870E1984E /* Build configuration list for PBXNativeTarget "Air2" */ = {
			isa = XCBuildConfiguration;
			buildSettings = {
				ASSETCATALOG_COMPILER_APPICON_NAME = "AppIcon";
				CODE_SIGN_STYLE = "Automatic";
				CURRENT_PROJECT_VERSION = "1";
				GENERATE_INFOPLIST_FILE = "NO";
				INFOPLIST_FILE = "Air2/Info.plist";
				LD_RUNPATH_SEARCH_PATHS = (
					"$(inherited)",
					"@executable_path/Frameworks",
				);
				MARKETING_VERSION = "0.1.0";
				PRODUCT_BUNDLE_IDENTIFIER = "dev.airdevs.air2";
				PRODUCT_NAME = "$(TARGET_NAME)";
				SWIFT_EMIT_LOC_STRINGS = "YES";
				SWIFT_OBJC_BRIDGING_HEADER = "Air2/Air2-Bridging-Header.h";
				SWIFT_VERSION = "5.0";
				TARGETED_DEVICE_FAMILY = "1,2";
			};
			name = Debug;
		};
		AB7D16C820D649D1E1709822 /* Build configuration list for PBXNativeTarget "Air2" */ = {
			isa = XCBuildConfiguration;
			buildSettings = {
				ASSETCATALOG_COMPILER_APPICON_NAME = "AppIcon";
				CODE_SIGN_STYLE = "Automatic";
				CURRENT_PROJECT_VERSION = "1";
				GENERATE_INFOPLIST_FILE = "NO";
				INFOPLIST_FILE = "Air2/Info.plist";
				LD_RUNPATH_SEARCH_PATHS = (
					"$(inherited)",
					"@executable_path/Frameworks",
				);
				MARKETING_VERSION = "0.1.0";
				PRODUCT_BUNDLE_IDENTIFIER = "dev.airdevs.air2";
				PRODUCT_NAME = "$(TARGET_NAME)";
				SWIFT_EMIT_LOC_STRINGS = "YES";
				SWIFT_OBJC_BRIDGING_HEADER = "Air2/Air2-Bridging-Header.h";
				SWIFT_VERSION = "5.0";
				TARGETED_DEVICE_FAMILY = "1,2";
			};
			name = Release;
		};
/* End XCBuildConfiguration section */

/* Begin XCConfigurationList section */
		F086F31674BEA44957E3CCA5 /* Build configuration list for PBXProject "Air2" */ = {
			isa = XCConfigurationList;
			buildConfigurations = (
				282F8BED7AC8E61EF9F4311F /* Debug */,
				BAA844323E141A79DF10B0D7 /* Release */,
			);
			defaultConfigurationIsVisible = 0;
			defaultConfigurationName = Release;
		};

		09185177824D0012F345AF29 /* Build configuration list for PBXNativeTarget "Air2" */ = {
			isa = XCConfigurationList;
			buildConfigurations = (
				2381CE2D4AF8729870E1984E /* Debug */,
				AB7D16C820D649D1E1709822 /* Release */,
			);
			defaultConfigurationIsVisible = 0;
			defaultConfigurationName = Release;
		};
/* End XCConfigurationList section */

	};
	rootObject = 807E8FCA71E1D108200A94CC /* Project object */;
}
